
Microsoft Visual Studio Solution File, Format Version 12.00
# Visual Studio Version 17
VisualStudioVersion = 17.9.34616.47
MinimumVisualStudioVersion = 10.0.40219.1
Project("{FAE04EC0-301F-11D3-BF4B-00C04F79EFBC}") = "infraccionAPI", "infraccionAPI.csproj", "{A98B11BC-B0C0-467B-99BB-27F4F3015867}"
EndProject
Global
	GlobalSection(SolutionConfigurationPlatforms) = preSolution
		Debug|Any CPU = Debug|Any CPU
		Release|Any CPU = Release|Any CPU
	EndGlobalSection
	GlobalSection(ProjectConfigurationPlatforms) = postSolution
		{A98B11BC-B0C0-467B-99BB-27F4F3015867}.Debug|Any CPU.ActiveCfg = Debug|Any CPU
		{A98B11BC-B0C0-467B-99BB-27F4F3015867}.Debug|Any CPU.Build.0 = Debug|Any CPU
		{A98B11BC-B0C0-467B-99BB-27F4F3015867}.Release|Any CPU.ActiveCfg = Release|Any CPU
		{A98B11BC-B0C0-467B-99BB-27F4F3015867}.Release|Any CPU.Build.0 = Release|Any CPU
	EndGlobalSection
	GlobalSection(SolutionProperties) = preSolution
		HideSolutionNode = FALSE
	EndGlobalSection
	GlobalSection(ExtensibilityGlobals) = postSolution
		SolutionGuid = {23AD2EA7-004A-40A4-86BF-E0FC3C844B23}
	EndGlobalSection
EndGlobal
